
Microsoft Visual Studio Solution File, Format Version 12.00
# Visual Studio Version 17
VisualStudioVersion = 17.7.34031.279
MinimumVisualStudioVersion = 10.0.40219.1
Project("{FAE04EC0-301F-11D3-BF4B-00C04F79EFBC}") = "edu.EjercicioObligatorio6.1912", "edu.EjercicioObligatorio6.1912.csproj", "{4076F49E-C048-4A2D-9B3D-6EDA5C297B20}"
EndProject
Global
	GlobalSection(SolutionConfigurationPlatforms) = preSolution
		Debug|Any CPU = Debug|Any CPU
		Release|Any CPU = Release|Any CPU
	EndGlobalSection
	GlobalSection(ProjectConfigurationPlatforms) = postSolution
		{4076F49E-C048-4A2D-9B3D-6EDA5C297B20}.Debug|Any CPU.ActiveCfg = Debug|Any CPU
		{4076F49E-C048-4A2D-9B3D-6EDA5C297B20}.Debug|Any CPU.Build.0 = Debug|Any CPU
		{4076F49E-C048-4A2D-9B3D-6EDA5C297B20}.Release|Any CPU.ActiveCfg = Release|Any CPU
		{4076F49E-C048-4A2D-9B3D-6EDA5C297B20}.Release|Any CPU.Build.0 = Release|Any CPU
	EndGlobalSection
	GlobalSection(SolutionProperties) = preSolution
		HideSolutionNode = FALSE
	EndGlobalSection
	GlobalSection(ExtensibilityGlobals) = postSolution
		SolutionGuid = {41D5E8AF-B356-44A8-9650-DB1840AA8A68}
	EndGlobalSection
EndGlobal
